{
  "name": "ai900",
  "version": "1.0.0",
  "lockfileVersion": 3,
  "requires": true,
  "packages": {
    "": {
      "name": "ai900",
      "version": "1.0.0",
      "license": "ISC",
      "dependencies": {
        "@anthropic-ai/sdk": "^0.90.0",
        "json-schema-to-ts": "^3.1.1",
        "ts-algebra": "^2.0.0"
      },
      "devDependencies": {}
    },
    "node_modules/@anthropic-ai/sdk": {
      "version": "0.90.0",
      "resolved": "https://registry.npmjs.org/@anthropic-ai/sdk/-/sdk-0.90.0.tgz",
      "integrity": "sha512-MzZtPabJF1b0FTDl6Z6H5ljphPwACLGP13lu8MTiB8jXaW/YXlpOp+Po2cVou3MPM5+f5toyLnul9whKCy7fBg==",
      "license": "MIT",
      "dependencies": {
        "json-schema-to-ts": "^3.1.1"
      },
      "bin": {
        "anthropic-ai-sdk": "bin/cli"
      },
      "peerDependencies": {
        "zod": "^3.25.0 || ^4.0.0"
      },
      "peerDependenciesMeta": {
        "zod": {
          "optional": true
        }
      }
    },
    "node_modules/@babel/runtime": {
      "version": "7.29.2",
      "license": "MIT",
      "engines": {
        "node": ">=6.9.0"
      }
    },
    "node_modules/json-schema-to-ts": {
      "version": "3.1.1",
      "license": "MIT",
      "dependencies": {
        "@babel/runtime": "^7.18.3",
        "ts-algebra": "^2.0.0"
      },
      "engines": {
        "node": ">=16"
      }
    },
    "node_modules/ts-algebra": {
      "version": "2.0.0",
      "license": "MIT"
    }
  }
}
